// !$*UTF8*$!
{
	archiveVersion = 1;
	classes = {
	};
	objectVersion = 50;
	objects = {

/* Begin PBXBuildFile section */
		89482DCA26CC74FC006841F6 /* OrganizerTextField.swift in Sources */ = {isa = PBXBuildFile; fileRef = 89482DC926CC74FC006841F6 /* OrganizerTextField.swift */; };
		89482DCD26CC778A006841F6 /* String+Localizable.swift in Sources */ = {isa = PBXBuildFile; fileRef = 89482DCC26CC778A006841F6 /* String+Localizable.swift */; };
		89482DD426CC7889006841F6 /* OrganizerViewModel.swift in Sources */ = {isa = PBXBuildFile; fileRef = 89482DD326CC7889006841F6 /* OrganizerViewModel.swift */; };
		89482DD626CC78F7006841F6 /* OrganizerTextFieldViewModel.swift in Sources */ = {isa = PBXBuildFile; fileRef = 89482DD526CC78F7006841F6 /* OrganizerTextFieldViewModel.swift */; };
		89482DD826CC7B4D006841F6 /* CanDismissKeyboard.swift in Sources */ = {isa = PBXBuildFile; fileRef = 89482DD726CC7B4D006841F6 /* CanDismissKeyboard.swift */; };
		89482DDB26CC7EDC006841F6 /* Localizable.strings in Resources */ = {isa = PBXBuildFile; fileRef = 89482DDD26CC7EDC006841F6 /* Localizable.strings */; };
		89482DE126CC806F006841F6 /* OrganizerButton.swift in Sources */ = {isa = PBXBuildFile; fileRef = 89482DE026CC806F006841F6 /* OrganizerButton.swift */; };
		89482DE326CC8428006841F6 /* OrganizerRoundedButtonViewModel.swift in Sources */ = {isa = PBXBuildFile; fileRef = 89482DE226CC8428006841F6 /* OrganizerRoundedButtonViewModel.swift */; };
		89482DE526CC85B9006841F6 /* UIViewController+NavigationBar.swift in Sources */ = {isa = PBXBuildFile; fileRef = 89482DE426CC85B9006841F6 /* UIViewController+NavigationBar.swift */; };
		89482DE726CC8669006841F6 /* BaseViewController.swift in Sources */ = {isa = PBXBuildFile; fileRef = 89482DE626CC8669006841F6 /* BaseViewController.swift */; };
		89482DEA26CC886B006841F6 /* OrganizerItem.swift in Sources */ = {isa = PBXBuildFile; fileRef = 89482DE926CC886B006841F6 /* OrganizerItem.swift */; };
		89482DEC26CC8949006841F6 /* OrganizerDataSource.swift in Sources */ = {isa = PBXBuildFile; fileRef = 89482DEB26CC8949006841F6 /* OrganizerDataSource.swift */; };
		89482DEE26CC8C36006841F6 /* String+Validation.swift in Sources */ = {isa = PBXBuildFile; fileRef = 89482DED26CC8C36006841F6 /* String+Validation.swift */; };
		89482DF026CC97CA006841F6 /* OrganizerTableView.swift in Sources */ = {isa = PBXBuildFile; fileRef = 89482DEF26CC97CA006841F6 /* OrganizerTableView.swift */; };
		89482DF226CCA37C006841F6 /* Notification+Keyboard.swift in Sources */ = {isa = PBXBuildFile; fileRef = 89482DF126CCA37C006841F6 /* Notification+Keyboard.swift */; };
		89482DF426CCA64F006841F6 /* OrganizerViewModelTests.swift in Sources */ = {isa = PBXBuildFile; fileRef = 89482DF326CCA64F006841F6 /* OrganizerViewModelTests.swift */; };
		89482DF626CCA73A006841F6 /* OrganizerDataSourceTests.swift in Sources */ = {isa = PBXBuildFile; fileRef = 89482DF526CCA73A006841F6 /* OrganizerDataSourceTests.swift */; };
		89482DF826CCA9EB006841F6 /* MainCoordinatorTests.swift in Sources */ = {isa = PBXBuildFile; fileRef = 89482DF726CCA9EB006841F6 /* MainCoordinatorTests.swift */; };
		89482DFB26CCAA21006841F6 /* UINavigationControllerMock.swift in Sources */ = {isa = PBXBuildFile; fileRef = 89482DFA26CCAA21006841F6 /* UINavigationControllerMock.swift */; };
		89482DFD26CCAAC7006841F6 /* String+ValidationTests.swift in Sources */ = {isa = PBXBuildFile; fileRef = 89482DFC26CCAAC7006841F6 /* String+ValidationTests.swift */; };
		89482DFF26CCABB8006841F6 /* OrganizerTextFieldTests.swift in Sources */ = {isa = PBXBuildFile; fileRef = 89482DFE26CCABB8006841F6 /* OrganizerTextFieldTests.swift */; };
		89482E0126CCAE85006841F6 /* OrganizerTextFieldDelegate.swift in Sources */ = {isa = PBXBuildFile; fileRef = 89482E0026CCAE85006841F6 /* OrganizerTextFieldDelegate.swift */; };
		89561A3326CC315D00844D82 /* AppDelegate.swift in Sources */ = {isa = PBXBuildFile; fileRef = 89561A3226CC315D00844D82 /* AppDelegate.swift */; };
		89561A3526CC315D00844D82 /* SceneDelegate.swift in Sources */ = {isa = PBXBuildFile; fileRef = 89561A3426CC315D00844D82 /* SceneDelegate.swift */; };
		89561A3726CC315D00844D82 /* OrganizerViewController.swift in Sources */ = {isa = PBXBuildFile; fileRef = 89561A3626CC315D00844D82 /* OrganizerViewController.swift */; };
		89561A3A26CC315D00844D82 /* OrganizerView.storyboard in Resources */ = {isa = PBXBuildFile; fileRef = 89561A3826CC315D00844D82 /* OrganizerView.storyboard */; };
		89561A3C26CC316100844D82 /* Assets.xcassets in Resources */ = {isa = PBXBuildFile; fileRef = 89561A3B26CC316100844D82 /* Assets.xcassets */; };
		89561A3F26CC316100844D82 /* LaunchScreen.storyboard in Resources */ = {isa = PBXBuildFile; fileRef = 89561A3D26CC316100844D82 /* LaunchScreen.storyboard */; };
		89561A6826CC32E000844D82 /* README.md in Resources */ = {isa = PBXBuildFile; fileRef = 89561A6726CC32E000844D82 /* README.md */; };
		89561A6D26CC338100844D82 /* CoordinatorProtocol.swift in Sources */ = {isa = PBXBuildFile; fileRef = 89561A6C26CC338100844D82 /* CoordinatorProtocol.swift */; };
		89561A7026CC366300844D82 /* MainCoordinator.swift in Sources */ = {isa = PBXBuildFile; fileRef = 89561A6F26CC366300844D82 /* MainCoordinator.swift */; };
		89561A7226CC36EA00844D82 /* Storyboarded.swift in Sources */ = {isa = PBXBuildFile; fileRef = 89561A7126CC36EA00844D82 /* Storyboarded.swift */; };
/* End PBXBuildFile section */

/* Begin PBXContainerItemProxy section */
		89561A4626CC316100844D82 /* PBXContainerItemProxy */ = {
			isa = PBXContainerItemProxy;
			containerPortal = 89561A2726CC315D00844D82 /* Project object */;
			proxyType = 1;
			remoteGlobalIDString = 89561A2E26CC315D00844D82;
			remoteInfo = ToDoOrganizer;
		};
/* End PBXContainerItemProxy section */

/* Begin PBXFileReference section */
		89482DC926CC74FC006841F6 /* OrganizerTextField.swift */ = {isa = PBXFileReference; lastKnownFileType = sourcecode.swift; path = OrganizerTextField.swift; sourceTree = "<group>"; };
		89482DCC26CC778A006841F6 /* String+Localizable.swift */ = {isa = PBXFileReference; lastKnownFileType = sourcecode.swift; path = "String+Localizable.swift"; sourceTree = "<group>"; };
		89482DD326CC7889006841F6 /* OrganizerViewModel.swift */ = {isa = PBXFileReference; lastKnownFileType = sourcecode.swift; path = OrganizerViewModel.swift; sourceTree = "<group>"; };
		89482DD526CC78F7006841F6 /* OrganizerTextFieldViewModel.swift */ = {isa = PBXFileReference; lastKnownFileType = sourcecode.swift; path = OrganizerTextFieldViewModel.swift; sourceTree = "<group>"; };
		89482DD726CC7B4D006841F6 /* CanDismissKeyboard.swift */ = {isa = PBXFileReference; lastKnownFileType = sourcecode.swift; path = CanDismissKeyboard.swift; sourceTree = "<group>"; };
		89482DDC26CC7EDC006841F6 /* en */ = {isa = PBXFileReference; lastKnownFileType = text.plist.strings; name = en; path = en.lproj/Localizable.strings; sourceTree = "<group>"; };
		89482DE026CC806F006841F6 /* OrganizerButton.swift */ = {isa = PBXFileReference; lastKnownFileType = sourcecode.swift; path = OrganizerButton.swift; sourceTree = "<group>"; };
		89482DE226CC8428006841F6 /* OrganizerRoundedButtonViewModel.swift */ = {isa = PBXFileReference; lastKnownFileType = sourcecode.swift; path = OrganizerRoundedButtonViewModel.swift; sourceTree = "<group>"; };
		89482DE426CC85B9006841F6 /* UIViewController+NavigationBar.swift */ = {isa = PBXFileReference; lastKnownFileType = sourcecode.swift; path = "UIViewController+NavigationBar.swift"; sourceTree = "<group>"; };
		89482DE626CC8669006841F6 /* BaseViewController.swift */ = {isa = PBXFileReference; lastKnownFileType = sourcecode.swift; path = BaseViewController.swift; sourceTree = "<group>"; };
		89482DE926CC886B006841F6 /* OrganizerItem.swift */ = {isa = PBXFileReference; lastKnownFileType = sourcecode.swift; path = OrganizerItem.swift; sourceTree = "<group>"; };
		89482DEB26CC8949006841F6 /* OrganizerDataSource.swift */ = {isa = PBXFileReference; lastKnownFileType = sourcecode.swift; path = OrganizerDataSource.swift; sourceTree = "<group>"; };
		89482DED26CC8C36006841F6 /* String+Validation.swift */ = {isa = PBXFileReference; lastKnownFileType = sourcecode.swift; path = "String+Validation.swift"; sourceTree = "<group>"; };
		89482DEF26CC97CA006841F6 /* OrganizerTableView.swift */ = {isa = PBXFileReference; lastKnownFileType = sourcecode.swift; path = OrganizerTableView.swift; sourceTree = "<group>"; };
		89482DF126CCA37C006841F6 /* Notification+Keyboard.swift */ = {isa = PBXFileReference; lastKnownFileType = sourcecode.swift; path = "Notification+Keyboard.swift"; sourceTree = "<group>"; };
		89482DF326CCA64F006841F6 /* OrganizerViewModelTests.swift */ = {isa = PBXFileReference; lastKnownFileType = sourcecode.swift; path = OrganizerViewModelTests.swift; sourceTree = "<group>"; };
		89482DF526CCA73A006841F6 /* OrganizerDataSourceTests.swift */ = {isa = PBXFileReference; lastKnownFileType = sourcecode.swift; path = OrganizerDataSourceTests.swift; sourceTree = "<group>"; };
		89482DF726CCA9EB006841F6 /* MainCoordinatorTests.swift */ = {isa = PBXFileReference; lastKnownFileType = sourcecode.swift; path = MainCoordinatorTests.swift; sourceTree = "<group>"; };
		89482DFA26CCAA21006841F6 /* UINavigationControllerMock.swift */ = {isa = PBXFileReference; lastKnownFileType = sourcecode.swift; path = UINavigationControllerMock.swift; sourceTree = "<group>"; };
		89482DFC26CCAAC7006841F6 /* String+ValidationTests.swift */ = {isa = PBXFileReference; lastKnownFileType = sourcecode.swift; path = "String+ValidationTests.swift"; sourceTree = "<group>"; };
		89482DFE26CCABB8006841F6 /* OrganizerTextFieldTests.swift */ = {isa = PBXFileReference; lastKnownFileType = sourcecode.swift; path = OrganizerTextFieldTests.swift; sourceTree = "<group>"; };
		89482E0026CCAE85006841F6 /* OrganizerTextFieldDelegate.swift */ = {isa = PBXFileReference; lastKnownFileType = sourcecode.swift; path = OrganizerTextFieldDelegate.swift; sourceTree = "<group>"; };
		89561A2F26CC315D00844D82 /* ToDoOrganizer.app */ = {isa = PBXFileReference; explicitFileType = wrapper.application; includeInIndex = 0; path = ToDoOrganizer.app; sourceTree = BUILT_PRODUCTS_DIR; };
		89561A3226CC315D00844D82 /* AppDelegate.swift */ = {isa = PBXFileReference; lastKnownFileType = sourcecode.swift; path = AppDelegate.swift; sourceTree = "<group>"; };
		89561A3426CC315D00844D82 /* SceneDelegate.swift */ = {isa = PBXFileReference; lastKnownFileType = sourcecode.swift; path = SceneDelegate.swift; sourceTree = "<group>"; };
		89561A3626CC315D00844D82 /* OrganizerViewController.swift */ = {isa = PBXFileReference; lastKnownFileType = sourcecode.swift; path = OrganizerViewController.swift; sourceTree = "<group>"; };
		89561A3926CC315D00844D82 /* Base */ = {isa = PBXFileReference; lastKnownFileType = file.storyboard; name = Base; path = Base.lproj/OrganizerView.storyboard; sourceTree = "<group>"; };
		89561A3B26CC316100844D82 /* Assets.xcassets */ = {isa = PBXFileReference; lastKnownFileType = folder.assetcatalog; path = Assets.xcassets; sourceTree = "<group>"; };
		89561A3E26CC316100844D82 /* Base */ = {isa = PBXFileReference; lastKnownFileType = file.storyboard; name = Base; path = Base.lproj/LaunchScreen.storyboard; sourceTree = "<group>"; };
		89561A4026CC316100844D82 /* Info.plist */ = {isa = PBXFileReference; lastKnownFileType = text.plist.xml; path = Info.plist; sourceTree = "<group>"; };
		89561A4526CC316100844D82 /* ToDoOrganizerTests.xctest */ = {isa = PBXFileReference; explicitFileType = wrapper.cfbundle; includeInIndex = 0; path = ToDoOrganizerTests.xctest; sourceTree = BUILT_PRODUCTS_DIR; };
		89561A4B26CC316100844D82 /* Info.plist */ = {isa = PBXFileReference; lastKnownFileType = text.plist.xml; path = Info.plist; sourceTree = "<group>"; };
		89561A6726CC32E000844D82 /* README.md */ = {isa = PBXFileReference; fileEncoding = 4; lastKnownFileType = net.daringfireball.markdown; path = README.md; sourceTree = "<group>"; };
		89561A6C26CC338100844D82 /* CoordinatorProtocol.swift */ = {isa = PBXFileReference; lastKnownFileType = sourcecode.swift; path = CoordinatorProtocol.swift; sourceTree = "<group>"; };
		89561A6F26CC366300844D82 /* MainCoordinator.swift */ = {isa = PBXFileReference; lastKnownFileType = sourcecode.swift; path = MainCoordinator.swift; sourceTree = "<group>"; };
		89561A7126CC36EA00844D82 /* Storyboarded.swift */ = {isa = PBXFileReference; lastKnownFileType = sourcecode.swift; path = Storyboarded.swift; sourceTree = "<group>"; };
/* End PBXFileReference section */

/* Begin PBXFrameworksBuildPhase section */
		89561A2C26CC315D00844D82 /* Frameworks */ = {
			isa = PBXFrameworksBuildPhase;
			buildActionMask = 2147483647;
			files = (
			);
			runOnlyForDeploymentPostprocessing = 0;
		};
		89561A4226CC316100844D82 /* Frameworks */ = {
			isa = PBXFrameworksBuildPhase;
			buildActionMask = 2147483647;
			files = (
			);
			runOnlyForDeploymentPostprocessing = 0;
		};
/* End PBXFrameworksBuildPhase section */

/* Begin PBXGroup section */
		89482DC726CC74E3006841F6 /* Building Blocks */ = {
			isa = PBXGroup;
			children = (
				89482DE626CC8669006841F6 /* BaseViewController.swift */,
				89482DEF26CC97CA006841F6 /* OrganizerTableView.swift */,
				89482DDF26CC8065006841F6 /* Button */,
				89482DDE26CC805C006841F6 /* TextField */,
			);
			path = "Building Blocks";
			sourceTree = "<group>";
		};
		89482DCB26CC776C006841F6 /* Extensions */ = {
			isa = PBXGroup;
			children = (
				89482DF126CCA37C006841F6 /* Notification+Keyboard.swift */,
				89482DED26CC8C36006841F6 /* String+Validation.swift */,
				89482DCC26CC778A006841F6 /* String+Localizable.swift */,
				89482DE426CC85B9006841F6 /* UIViewController+NavigationBar.swift */,
			);
			path = Extensions;
			sourceTree = "<group>";
		};
		89482DDE26CC805C006841F6 /* TextField */ = {
			isa = PBXGroup;
			children = (
				89482DC926CC74FC006841F6 /* OrganizerTextField.swift */,
				89482E0026CCAE85006841F6 /* OrganizerTextFieldDelegate.swift */,
				89482DD526CC78F7006841F6 /* OrganizerTextFieldViewModel.swift */,
			);
			path = TextField;
			sourceTree = "<group>";
		};
		89482DDF26CC8065006841F6 /* Button */ = {
			isa = PBXGroup;
			children = (
				89482DE026CC806F006841F6 /* OrganizerButton.swift */,
				89482DE226CC8428006841F6 /* OrganizerRoundedButtonViewModel.swift */,
			);
			path = Button;
			sourceTree = "<group>";
		};
		89482DE826CC885E006841F6 /* Data */ = {
			isa = PBXGroup;
			children = (
				89482DE926CC886B006841F6 /* OrganizerItem.swift */,
				89482DEB26CC8949006841F6 /* OrganizerDataSource.swift */,
			);
			path = Data;
			sourceTree = "<group>";
		};
		89482DF926CCAA0C006841F6 /* Mock */ = {
			isa = PBXGroup;
			children = (
				89482DFA26CCAA21006841F6 /* UINavigationControllerMock.swift */,
			);
			path = Mock;
			sourceTree = "<group>";
		};
		89561A2626CC315D00844D82 = {
			isa = PBXGroup;
			children = (
				89561A6726CC32E000844D82 /* README.md */,
				89561A3126CC315D00844D82 /* ToDoOrganizer */,
				89561A4826CC316100844D82 /* ToDoOrganizerTests */,
				89561A3026CC315D00844D82 /* Products */,
			);
			sourceTree = "<group>";
		};
		89561A3026CC315D00844D82 /* Products */ = {
			isa = PBXGroup;
			children = (
				89561A2F26CC315D00844D82 /* ToDoOrganizer.app */,
				89561A4526CC316100844D82 /* ToDoOrganizerTests.xctest */,
			);
			name = Products;
			sourceTree = "<group>";
		};
		89561A3126CC315D00844D82 /* ToDoOrganizer */ = {
			isa = PBXGroup;
			children = (
				89482DE826CC885E006841F6 /* Data */,
				89561A6426CC329000844D82 /* UI */,
				89561A6326CC328100844D82 /* Resources */,
				89561A3226CC315D00844D82 /* AppDelegate.swift */,
				89561A3426CC315D00844D82 /* SceneDelegate.swift */,
				89561A3D26CC316100844D82 /* LaunchScreen.storyboard */,
				89561A4026CC316100844D82 /* Info.plist */,
			);
			path = ToDoOrganizer;
			sourceTree = "<group>";
		};
		89561A4826CC316100844D82 /* ToDoOrganizerTests */ = {
			isa = PBXGroup;
			children = (
				89482DF926CCAA0C006841F6 /* Mock */,
				89482DF726CCA9EB006841F6 /* MainCoordinatorTests.swift */,
				89482DF526CCA73A006841F6 /* OrganizerDataSourceTests.swift */,
				89482DFE26CCABB8006841F6 /* OrganizerTextFieldTests.swift */,
				89482DF326CCA64F006841F6 /* OrganizerViewModelTests.swift */,
				89482DFC26CCAAC7006841F6 /* String+ValidationTests.swift */,
				89561A4B26CC316100844D82 /* Info.plist */,
			);
			path = ToDoOrganizerTests;
			sourceTree = "<group>";
		};
		89561A6326CC328100844D82 /* Resources */ = {
			isa = PBXGroup;
			children = (
				89561A3B26CC316100844D82 /* Assets.xcassets */,
				89482DDD26CC7EDC006841F6 /* Localizable.strings */,
			);
			path = Resources;
			sourceTree = "<group>";
		};
		89561A6426CC329000844D82 /* UI */ = {
			isa = PBXGroup;
			children = (
				89482DCB26CC776C006841F6 /* Extensions */,
				89482DC726CC74E3006841F6 /* Building Blocks */,
				89561A6E26CC365B00844D82 /* Coordinator */,
				89561A6626CC32BE00844D82 /* OrganizerView */,
				89561A6B26CC337000844D82 /* Protocols */,
			);
			path = UI;
			sourceTree = "<group>";
		};
		89561A6626CC32BE00844D82 /* OrganizerView */ = {
			isa = PBXGroup;
			children = (
				89561A3826CC315D00844D82 /* OrganizerView.storyboard */,
				89561A3626CC315D00844D82 /* OrganizerViewController.swift */,
				89482DD326CC7889006841F6 /* OrganizerViewModel.swift */,
			);
			path = OrganizerView;
			sourceTree = "<group>";
		};
		89561A6B26CC337000844D82 /* Protocols */ = {
			isa = PBXGroup;
			children = (
				89482DD726CC7B4D006841F6 /* CanDismissKeyboard.swift */,
				89561A6C26CC338100844D82 /* CoordinatorProtocol.swift */,
				89561A7126CC36EA00844D82 /* Storyboarded.swift */,
			);
			path = Protocols;
			sourceTree = "<group>";
		};
		89561A6E26CC365B00844D82 /* Coordinator */ = {
			isa = PBXGroup;
			children = (
				89561A6F26CC366300844D82 /* MainCoordinator.swift */,
			);
			path = Coordinator;
			sourceTree = "<group>";
		};
/* End PBXGroup section */

/* Begin PBXNativeTarget section */
		89561A2E26CC315D00844D82 /* ToDoOrganizer */ = {
			isa = PBXNativeTarget;
			buildConfigurationList = 89561A5926CC316100844D82 /* Build configuration list for PBXNativeTarget "ToDoOrganizer" */;
			buildPhases = (
				89561A2B26CC315D00844D82 /* Sources */,
				89561A2C26CC315D00844D82 /* Frameworks */,
				89561A2D26CC315D00844D82 /* Resources */,
			);
			buildRules = (
			);
			dependencies = (
			);
			name = ToDoOrganizer;
			productName = ToDoOrganizer;
			productReference = 89561A2F26CC315D00844D82 /* ToDoOrganizer.app */;
			productType = "com.apple.product-type.application";
		};
		89561A4426CC316100844D82 /* ToDoOrganizerTests */ = {
			isa = PBXNativeTarget;
			buildConfigurationList = 89561A5C26CC316100844D82 /* Build configuration list for PBXNativeTarget "ToDoOrganizerTests" */;
			buildPhases = (
				89561A4126CC316100844D82 /* Sources */,
				89561A4226CC316100844D82 /* Frameworks */,
				89561A4326CC316100844D82 /* Resources */,
			);
			buildRules = (
			);
			dependencies = (
				89561A4726CC316100844D82 /* PBXTargetDependency */,
			);
			name = ToDoOrganizerTests;
			productName = ToDoOrganizerTests;
			productReference = 89561A4526CC316100844D82 /* ToDoOrganizerTests.xctest */;
			productType = "com.apple.product-type.bundle.unit-test";
		};
/* End PBXNativeTarget section */

/* Begin PBXProject section */
		89561A2726CC315D00844D82 /* Project object */ = {
			isa = PBXProject;
			attributes = {
				LastSwiftUpdateCheck = 1250;
				LastUpgradeCheck = 1250;
				TargetAttributes = {
					89561A2E26CC315D00844D82 = {
						CreatedOnToolsVersion = 12.5.1;
					};
					89561A4426CC316100844D82 = {
						CreatedOnToolsVersion = 12.5.1;
						LastSwiftMigration = 1250;
						TestTargetID = 89561A2E26CC315D00844D82;
					};
				};
			};
			buildConfigurationList = 89561A2A26CC315D00844D82 /* Build configuration list for PBXProject "ToDoOrganizer" */;
			compatibilityVersion = "Xcode 9.3";
			developmentRegion = en;
			hasScannedForEncodings = 0;
			knownRegions = (
				en,
				Base,
			);
			mainGroup = 89561A2626CC315D00844D82;
			productRefGroup = 89561A3026CC315D00844D82 /* Products */;
			projectDirPath = "";
			projectRoot = "";
			targets = (
				89561A2E26CC315D00844D82 /* ToDoOrganizer */,
				89561A4426CC316100844D82 /* ToDoOrganizerTests */,
			);
		};
/* End PBXProject section */

/* Begin PBXResourcesBuildPhase section */
		89561A2D26CC315D00844D82 /* Resources */ = {
			isa = PBXResourcesBuildPhase;
			buildActionMask = 2147483647;
			files = (
				89482DDB26CC7EDC006841F6 /* Localizable.strings in Resources */,
				89561A3F26CC316100844D82 /* LaunchScreen.storyboard in Resources */,
				89561A3C26CC316100844D82 /* Assets.xcassets in Resources */,
				89561A6826CC32E000844D82 /* README.md in Resources */,
				89561A3A26CC315D00844D82 /* OrganizerView.storyboard in Resources */,
			);
			runOnlyForDeploymentPostprocessing = 0;
		};
		89561A4326CC316100844D82 /* Resources */ = {
			isa = PBXResourcesBuildPhase;
			buildActionMask = 2147483647;
			files = (
			);
			runOnlyForDeploymentPostprocessing = 0;
		};
/* End PBXResourcesBuildPhase section */

/* Begin PBXSourcesBuildPhase section */
		89561A2B26CC315D00844D82 /* Sources */ = {
			isa = PBXSourcesBuildPhase;
			buildActionMask = 2147483647;
			files = (
				89482DEC26CC8949006841F6 /* OrganizerDataSource.swift in Sources */,
				89482DCA26CC74FC006841F6 /* OrganizerTextField.swift in Sources */,
				89561A3726CC315D00844D82 /* OrganizerViewController.swift in Sources */,
				89561A3326CC315D00844D82 /* AppDelegate.swift in Sources */,
				89561A6D26CC338100844D82 /* CoordinatorProtocol.swift in Sources */,
				89482DF226CCA37C006841F6 /* Notification+Keyboard.swift in Sources */,
				89561A7026CC366300844D82 /* MainCoordinator.swift in Sources */,
				89482DE726CC8669006841F6 /* BaseViewController.swift in Sources */,
				89482DF026CC97CA006841F6 /* OrganizerTableView.swift in Sources */,
				89482DE126CC806F006841F6 /* OrganizerButton.swift in Sources */,
				89561A3526CC315D00844D82 /* SceneDelegate.swift in Sources */,
				89482DEE26CC8C36006841F6 /* String+Validation.swift in Sources */,
				89561A7226CC36EA00844D82 /* Storyboarded.swift in Sources */,
				89482DD826CC7B4D006841F6 /* CanDismissKeyboard.swift in Sources */,
				89482DE526CC85B9006841F6 /* UIViewController+NavigationBar.swift in Sources */,
				89482E0126CCAE85006841F6 /* OrganizerTextFieldDelegate.swift in Sources */,
				89482DD426CC7889006841F6 /* OrganizerViewModel.swift in Sources */,
				89482DD626CC78F7006841F6 /* OrganizerTextFieldViewModel.swift in Sources */,
				89482DCD26CC778A006841F6 /* String+Localizable.swift in Sources */,
				89482DEA26CC886B006841F6 /* OrganizerItem.swift in Sources */,
				89482DE326CC8428006841F6 /* OrganizerRoundedButtonViewModel.swift in Sources */,
			);
			runOnlyForDeploymentPostprocessing = 0;
		};
		89561A4126CC316100844D82 /* Sources */ = {
			isa = PBXSourcesBuildPhase;
			buildActionMask = 2147483647;
			files = (
				89482DFD26CCAAC7006841F6 /* String+ValidationTests.swift in Sources */,
				89482DFF26CCABB8006841F6 /* OrganizerTextFieldTests.swift in Sources */,
				89482DF626CCA73A006841F6 /* OrganizerDataSourceTests.swift in Sources */,
				89482DF826CCA9EB006841F6 /* MainCoordinatorTests.swift in Sources */,
				89482DFB26CCAA21006841F6 /* UINavigationControllerMock.swift in Sources */,
				89482DF426CCA64F006841F6 /* OrganizerViewModelTests.swift in Sources */,
			);
			runOnlyForDeploymentPostprocessing = 0;
		};
/* End PBXSourcesBuildPhase section */

/* Begin PBXTargetDependency section */
		89561A4726CC316100844D82 /* PBXTargetDependency */ = {
			isa = PBXTargetDependency;
			target = 89561A2E26CC315D00844D82 /* ToDoOrganizer */;
			targetProxy = 89561A4626CC316100844D82 /* PBXContainerItemProxy */;
		};
/* End PBXTargetDependency section */

/* Begin PBXVariantGroup section */
		89482DDD26CC7EDC006841F6 /* Localizable.strings */ = {
			isa = PBXVariantGroup;
			children = (
				89482DDC26CC7EDC006841F6 /* en */,
			);
			name = Localizable.strings;
			sourceTree = "<group>";
		};
		89561A3826CC315D00844D82 /* OrganizerView.storyboard */ = {
			isa = PBXVariantGroup;
			children = (
				89561A3926CC315D00844D82 /* Base */,
			);
			name = OrganizerView.storyboard;
			sourceTree = "<group>";
		};
		89561A3D26CC316100844D82 /* LaunchScreen.storyboard */ = {
			isa = PBXVariantGroup;
			children = (
				89561A3E26CC316100844D82 /* Base */,
			);
			name = LaunchScreen.storyboard;
			sourceTree = "<group>";
		};
/* End PBXVariantGroup section */

/* Begin XCBuildConfiguration section */
		89561A5726CC316100844D82 /* Debug */ = {
			isa = XCBuildConfiguration;
			buildSettings = {
				ALWAYS_SEARCH_USER_PATHS = NO;
				CLANG_ANALYZER_NONNULL = YES;
				CLANG_ANALYZER_NUMBER_OBJECT_CONVERSION = YES_AGGRESSIVE;
				CLANG_CXX_LANGUAGE_STANDARD = "gnu++14";
				CLANG_CXX_LIBRARY = "libc++";
				CLANG_ENABLE_MODULES = YES;
				CLANG_ENABLE_OBJC_ARC = YES;
				CLANG_ENABLE_OBJC_WEAK = YES;
				CLANG_WARN_BLOCK_CAPTURE_AUTORELEASING = YES;
				CLANG_WARN_BOOL_CONVERSION = YES;
				CLANG_WARN_COMMA = YES;
				CLANG_WARN_CONSTANT_CONVERSION = YES;
				CLANG_WARN_DEPRECATED_OBJC_IMPLEMENTATIONS = YES;
				CLANG_WARN_DIRECT_OBJC_ISA_USAGE = YES_ERROR;
				CLANG_WARN_DOCUMENTATION_COMMENTS = YES;
				CLANG_WARN_EMPTY_BODY = YES;
				CLANG_WARN_ENUM_CONVERSION = YES;
				CLANG_WARN_INFINITE_RECURSION = YES;
				CLANG_WARN_INT_CONVERSION = YES;
				CLANG_WARN_NON_LITERAL_NULL_CONVERSION = YES;
				CLANG_WARN_OBJC_IMPLICIT_RETAIN_SELF = YES;
				CLANG_WARN_OBJC_LITERAL_CONVERSION = YES;
				CLANG_WARN_OBJC_ROOT_CLASS = YES_ERROR;
				CLANG_WARN_QUOTED_INCLUDE_IN_FRAMEWORK_HEADER = YES;
				CLANG_WARN_RANGE_LOOP_ANALYSIS = YES;
				CLANG_WARN_STRICT_PROTOTYPES = YES;
				CLANG_WARN_SUSPICIOUS_MOVE = YES;
				CLANG_WARN_UNGUARDED_AVAILABILITY = YES_AGGRESSIVE;
				CLANG_WARN_UNREACHABLE_CODE = YES;
				CLANG_WARN__DUPLICATE_METHOD_MATCH = YES;
				COPY_PHASE_STRIP = NO;
				DEBUG_INFORMATION_FORMAT = dwarf;
				ENABLE_STRICT_OBJC_MSGSEND = YES;
				ENABLE_TESTABILITY = YES;
				GCC_C_LANGUAGE_STANDARD = gnu11;
				GCC_DYNAMIC_NO_PIC = NO;
				GCC_NO_COMMON_BLOCKS = YES;
				GCC_OPTIMIZATION_LEVEL = 0;
				GCC_PREPROCESSOR_DEFINITIONS = (
					"DEBUG=1",
					"$(inherited)",
				);
				GCC_WARN_64_TO_32_BIT_CONVERSION = YES;
				GCC_WARN_ABOUT_RETURN_TYPE = YES_ERROR;
				GCC_WARN_UNDECLARED_SELECTOR = YES;
				GCC_WARN_UNINITIALIZED_AUTOS = YES_AGGRESSIVE;
				GCC_WARN_UNUSED_FUNCTION = YES;
				GCC_WARN_UNUSED_VARIABLE = YES;
				IPHONEOS_DEPLOYMENT_TARGET = 13.0;
				MTL_ENABLE_DEBUG_INFO = INCLUDE_SOURCE;
				MTL_FAST_MATH = YES;
				ONLY_ACTIVE_ARCH = YES;
				SDKROOT = iphoneos;
				SWIFT_ACTIVE_COMPILATION_CONDITIONS = DEBUG;
				SWIFT_OPTIMIZATION_LEVEL = "-Onone";
			};
			name = Debug;
		};
		89561A5826CC316100844D82 /* Release */ = {
			isa = XCBuildConfiguration;
			buildSettings = {
				ALWAYS_SEARCH_USER_PATHS = NO;
				CLANG_ANALYZER_NONNULL = YES;
				CLANG_ANALYZER_NUMBER_OBJECT_CONVERSION = YES_AGGRESSIVE;
				CLANG_CXX_LANGUAGE_STANDARD = "gnu++14";
				CLANG_CXX_LIBRARY = "libc++";
				CLANG_ENABLE_MODULES = YES;
				CLANG_ENABLE_OBJC_ARC = YES;
				CLANG_ENABLE_OBJC_WEAK = YES;
				CLANG_WARN_BLOCK_CAPTURE_AUTORELEASING = YES;
				CLANG_WARN_BOOL_CONVERSION = YES;
				CLANG_WARN_COMMA = YES;
				CLANG_WARN_CONSTANT_CONVERSION = YES;
				CLANG_WARN_DEPRECATED_OBJC_IMPLEMENTATIONS = YES;
				CLANG_WARN_DIRECT_OBJC_ISA_USAGE = YES_ERROR;
				CLANG_WARN_DOCUMENTATION_COMMENTS = YES;
				CLANG_WARN_EMPTY_BODY = YES;
				CLANG_WARN_ENUM_CONVERSION = YES;
				CLANG_WARN_INFINITE_RECURSION = YES;
				CLANG_WARN_INT_CONVERSION = YES;
				CLANG_WARN_NON_LITERAL_NULL_CONVERSION = YES;
				CLANG_WARN_OBJC_IMPLICIT_RETAIN_SELF = YES;
				CLANG_WARN_OBJC_LITERAL_CONVERSION = YES;
				CLANG_WARN_OBJC_ROOT_CLASS = YES_ERROR;
				CLANG_WARN_QUOTED_INCLUDE_IN_FRAMEWORK_HEADER = YES;
				CLANG_WARN_RANGE_LOOP_ANALYSIS = YES;
				CLANG_WARN_STRICT_PROTOTYPES = YES;
				CLANG_WARN_SUSPICIOUS_MOVE = YES;
				CLANG_WARN_UNGUARDED_AVAILABILITY = YES_AGGRESSIVE;
				CLANG_WARN_UNREACHABLE_CODE = YES;
				CLANG_WARN__DUPLICATE_METHOD_MATCH = YES;
				COPY_PHASE_STRIP = NO;
				DEBUG_INFORMATION_FORMAT = "dwarf-with-dsym";
				ENABLE_NS_ASSERTIONS = NO;
				ENABLE_STRICT_OBJC_MSGSEND = YES;
				GCC_C_LANGUAGE_STANDARD = gnu11;
				GCC_NO_COMMON_BLOCKS = YES;
				GCC_WARN_64_TO_32_BIT_CONVERSION = YES;
				GCC_WARN_ABOUT_RETURN_TYPE = YES_ERROR;
				GCC_WARN_UNDECLARED_SELECTOR = YES;
				GCC_WARN_UNINITIALIZED_AUTOS = YES_AGGRESSIVE;
				GCC_WARN_UNUSED_FUNCTION = YES;
				GCC_WARN_UNUSED_VARIABLE = YES;
				IPHONEOS_DEPLOYMENT_TARGET = 13.0;
				MTL_ENABLE_DEBUG_INFO = NO;
				MTL_FAST_MATH = YES;
				SDKROOT = iphoneos;
				SWIFT_COMPILATION_MODE = wholemodule;
				SWIFT_OPTIMIZATION_LEVEL = "-O";
				VALIDATE_PRODUCT = YES;
			};
			name = Release;
		};
		89561A5A26CC316100844D82 /* Debug */ = {
			isa = XCBuildConfiguration;
			buildSettings = {
				ASSETCATALOG_COMPILER_APPICON_NAME = AppIcon;
				ASSETCATALOG_COMPILER_GLOBAL_ACCENT_COLOR_NAME = AccentColor;
				CODE_SIGN_STYLE = Automatic;
				DEVELOPMENT_TEAM = 9LSP39KS8V;
				INFOPLIST_FILE = ToDoOrganizer/Info.plist;
				LD_RUNPATH_SEARCH_PATHS = (
					"$(inherited)",
					"@executable_path/Frameworks",
				);
				PRODUCT_BUNDLE_IDENTIFIER = com.laurie.ToDoOrganizer;
				PRODUCT_NAME = "$(TARGET_NAME)";
				SWIFT_VERSION = 5.0;
				TARGETED_DEVICE_FAMILY = 1;
			};
			name = Debug;
		};
		89561A5B26CC316100844D82 /* Release */ = {
			isa = XCBuildConfiguration;
			buildSettings = {
				ASSETCATALOG_COMPILER_APPICON_NAME = AppIcon;
				ASSETCATALOG_COMPILER_GLOBAL_ACCENT_COLOR_NAME = AccentColor;
				CODE_SIGN_STYLE = Automatic;
				DEVELOPMENT_TEAM = 9LSP39KS8V;
				INFOPLIST_FILE = ToDoOrganizer/Info.plist;
				LD_RUNPATH_SEARCH_PATHS = (
					"$(inherited)",
					"@executable_path/Frameworks",
				);
				PRODUCT_BUNDLE_IDENTIFIER = com.laurie.ToDoOrganizer;
				PRODUCT_NAME = "$(TARGET_NAME)";
				SWIFT_VERSION = 5.0;
				TARGETED_DEVICE_FAMILY = 1;
			};
			name = Release;
		};
		89561A5D26CC316100844D82 /* Debug */ = {
			isa = XCBuildConfiguration;
			buildSettings = {
				ALWAYS_EMBED_SWIFT_STANDARD_LIBRARIES = YES;
				BUNDLE_LOADER = "$(TEST_HOST)";
				CLANG_ENABLE_MODULES = YES;
				CODE_SIGN_STYLE = Automatic;
				DEVELOPMENT_TEAM = 9LSP39KS8V;
				INFOPLIST_FILE = ToDoOrganizerTests/Info.plist;
				IPHONEOS_DEPLOYMENT_TARGET = 14.5;
				LD_RUNPATH_SEARCH_PATHS = (
					"$(inherited)",
					"@executable_path/Frameworks",
					"@loader_path/Frameworks",
				);
				PRODUCT_BUNDLE_IDENTIFIER = com.laurie.ToDoOrganizerTests;
				PRODUCT_NAME = "$(TARGET_NAME)";
				SWIFT_OPTIMIZATION_LEVEL = "-Onone";
				SWIFT_VERSION = 5.0;
				TARGETED_DEVICE_FAMILY = "1,2";
				TEST_HOST = "$(BUILT_PRODUCTS_DIR)/ToDoOrganizer.app/ToDoOrganizer";
			};
			name = Debug;
		};
		89561A5E26CC316100844D82 /* Release */ = {
			isa = XCBuildConfiguration;
			buildSettings = {
				ALWAYS_EMBED_SWIFT_STANDARD_LIBRARIES = YES;
				BUNDLE_LOADER = "$(TEST_HOST)";
				CLANG_ENABLE_MODULES = YES;
				CODE_SIGN_STYLE = Automatic;
				DEVELOPMENT_TEAM = 9LSP39KS8V;
				INFOPLIST_FILE = ToDoOrganizerTests/Info.plist;
				IPHONEOS_DEPLOYMENT_TARGET = 14.5;
				LD_RUNPATH_SEARCH_PATHS = (
					"$(inherited)",
					"@executable_path/Frameworks",
					"@loader_path/Frameworks",
				);
				PRODUCT_BUNDLE_IDENTIFIER = com.laurie.ToDoOrganizerTests;
				PRODUCT_NAME = "$(TARGET_NAME)";
				SWIFT_VERSION = 5.0;
				TARGETED_DEVICE_FAMILY = "1,2";
				TEST_HOST = "$(BUILT_PRODUCTS_DIR)/ToDoOrganizer.app/ToDoOrganizer";
			};
			name = Release;
		};
/* End XCBuildConfiguration section */

/* Begin XCConfigurationList section */
		89561A2A26CC315D00844D82 /* Build configuration list for PBXProject "ToDoOrganizer" */ = {
			isa = XCConfigurationList;
			buildConfigurations = (
				89561A5726CC316100844D82 /* Debug */,
				89561A5826CC316100844D82 /* Release */,
			);
			defaultConfigurationIsVisible = 0;
			defaultConfigurationName = Release;
		};
		89561A5926CC316100844D82 /* Build configuration list for PBXNativeTarget "ToDoOrganizer" */ = {
			isa = XCConfigurationList;
			buildConfigurations = (
				89561A5A26CC316100844D82 /* Debug */,
				89561A5B26CC316100844D82 /* Release */,
			);
			defaultConfigurationIsVisible = 0;
			defaultConfigurationName = Release;
		};
		89561A5C26CC316100844D82 /* Build configuration list for PBXNativeTarget "ToDoOrganizerTests" */ = {
			isa = XCConfigurationList;
			buildConfigurations = (
				89561A5D26CC316100844D82 /* Debug */,
				89561A5E26CC316100844D82 /* Release */,
			);
			defaultConfigurationIsVisible = 0;
			defaultConfigurationName = Release;
		};
/* End XCConfigurationList section */
	};
	rootObject = 89561A2726CC315D00844D82 /* Project object */;
}
