// !$*UTF8*$!
{
	archiveVersion = 1;
	classes = {
	};
	objectVersion = 50;
	objects = {

/* Begin PBXBuildFile section */
		2BE1CE2E61CCD430BCC37461 /* Pods_todo.framework in Frameworks */ = {isa = PBXBuildFile; fileRef = B4A7AC7B88CEEE5AB1DEA38D /* Pods_todo.framework */; };
		8936475F26C75B7300C7E7B5 /* AppDelegate.swift in Sources */ = {isa = PBXBuildFile; fileRef = 8936475E26C75B7300C7E7B5 /* AppDelegate.swift */; };
		8936476126C75B7300C7E7B5 /* SceneDelegate.swift in Sources */ = {isa = PBXBuildFile; fileRef = 8936476026C75B7300C7E7B5 /* SceneDelegate.swift */; };
		8936476326C75B7300C7E7B5 /* ViewController.swift in Sources */ = {isa = PBXBuildFile; fileRef = 8936476226C75B7300C7E7B5 /* ViewController.swift */; };
		8936476626C75B7300C7E7B5 /* Main.storyboard in Resources */ = {isa = PBXBuildFile; fileRef = 8936476426C75B7300C7E7B5 /* Main.storyboard */; };
		8936476826C75B7600C7E7B5 /* Assets.xcassets in Resources */ = {isa = PBXBuildFile; fileRef = 8936476726C75B7600C7E7B5 /* Assets.xcassets */; };
		8936476B26C75B7600C7E7B5 /* LaunchScreen.storyboard in Resources */ = {isa = PBXBuildFile; fileRef = 8936476926C75B7600C7E7B5 /* LaunchScreen.storyboard */; };
		8936477626C75B7600C7E7B5 /* todoTests.swift in Sources */ = {isa = PBXBuildFile; fileRef = 8936477526C75B7600C7E7B5 /* todoTests.swift */; };
		8936478126C75B7700C7E7B5 /* todoUITests.swift in Sources */ = {isa = PBXBuildFile; fileRef = 8936478026C75B7700C7E7B5 /* todoUITests.swift */; };
		8936479226C760F000C7E7B5 /* README.md in Resources */ = {isa = PBXBuildFile; fileRef = 8936479126C760F000C7E7B5 /* README.md */; };
/* End PBXBuildFile section */

/* Begin PBXContainerItemProxy section */
		8936477226C75B7600C7E7B5 /* PBXContainerItemProxy */ = {
			isa = PBXContainerItemProxy;
			containerPortal = 8936475326C75B7300C7E7B5 /* Project object */;
			proxyType = 1;
			remoteGlobalIDString = 8936475A26C75B7300C7E7B5;
			remoteInfo = todo;
		};
		8936477D26C75B7700C7E7B5 /* PBXContainerItemProxy */ = {
			isa = PBXContainerItemProxy;
			containerPortal = 8936475326C75B7300C7E7B5 /* Project object */;
			proxyType = 1;
			remoteGlobalIDString = 8936475A26C75B7300C7E7B5;
			remoteInfo = todo;
		};
/* End PBXContainerItemProxy section */

/* Begin PBXFileReference section */
		483E4854D6419DA0FB85B53D /* Pods-todo.release.xcconfig */ = {isa = PBXFileReference; includeInIndex = 1; lastKnownFileType = text.xcconfig; name = "Pods-todo.release.xcconfig"; path = "Target Support Files/Pods-todo/Pods-todo.release.xcconfig"; sourceTree = "<group>"; };
		4D0AC8536FE98E6378F2B459 /* Pods-todo.debug.xcconfig */ = {isa = PBXFileReference; includeInIndex = 1; lastKnownFileType = text.xcconfig; name = "Pods-todo.debug.xcconfig"; path = "Target Support Files/Pods-todo/Pods-todo.debug.xcconfig"; sourceTree = "<group>"; };
		8936475B26C75B7300C7E7B5 /* todo.app */ = {isa = PBXFileReference; explicitFileType = wrapper.application; includeInIndex = 0; path = todo.app; sourceTree = BUILT_PRODUCTS_DIR; };
		8936475E26C75B7300C7E7B5 /* AppDelegate.swift */ = {isa = PBXFileReference; lastKnownFileType = sourcecode.swift; path = AppDelegate.swift; sourceTree = "<group>"; };
		8936476026C75B7300C7E7B5 /* SceneDelegate.swift */ = {isa = PBXFileReference; lastKnownFileType = sourcecode.swift; path = SceneDelegate.swift; sourceTree = "<group>"; };
		8936476226C75B7300C7E7B5 /* ViewController.swift */ = {isa = PBXFileReference; lastKnownFileType = sourcecode.swift; path = ViewController.swift; sourceTree = "<group>"; };
		8936476526C75B7300C7E7B5 /* Base */ = {isa = PBXFileReference; lastKnownFileType = file.storyboard; name = Base; path = Base.lproj/Main.storyboard; sourceTree = "<group>"; };
		8936476726C75B7600C7E7B5 /* Assets.xcassets */ = {isa = PBXFileReference; lastKnownFileType = folder.assetcatalog; path = Assets.xcassets; sourceTree = "<group>"; };
		8936476A26C75B7600C7E7B5 /* Base */ = {isa = PBXFileReference; lastKnownFileType = file.storyboard; name = Base; path = Base.lproj/LaunchScreen.storyboard; sourceTree = "<group>"; };
		8936476C26C75B7600C7E7B5 /* Info.plist */ = {isa = PBXFileReference; lastKnownFileType = text.plist.xml; path = Info.plist; sourceTree = "<group>"; };
		8936477126C75B7600C7E7B5 /* todoTests.xctest */ = {isa = PBXFileReference; explicitFileType = wrapper.cfbundle; includeInIndex = 0; path = todoTests.xctest; sourceTree = BUILT_PRODUCTS_DIR; };
		8936477526C75B7600C7E7B5 /* todoTests.swift */ = {isa = PBXFileReference; lastKnownFileType = sourcecode.swift; path = todoTests.swift; sourceTree = "<group>"; };
		8936477726C75B7600C7E7B5 /* Info.plist */ = {isa = PBXFileReference; lastKnownFileType = text.plist.xml; path = Info.plist; sourceTree = "<group>"; };
		8936477C26C75B7700C7E7B5 /* todoUITests.xctest */ = {isa = PBXFileReference; explicitFileType = wrapper.cfbundle; includeInIndex = 0; path = todoUITests.xctest; sourceTree = BUILT_PRODUCTS_DIR; };
		8936478026C75B7700C7E7B5 /* todoUITests.swift */ = {isa = PBXFileReference; lastKnownFileType = sourcecode.swift; path = todoUITests.swift; sourceTree = "<group>"; };
		8936478226C75B7700C7E7B5 /* Info.plist */ = {isa = PBXFileReference; lastKnownFileType = text.plist.xml; path = Info.plist; sourceTree = "<group>"; };
		8936479126C760F000C7E7B5 /* README.md */ = {isa = PBXFileReference; fileEncoding = 4; lastKnownFileType = net.daringfireball.markdown; path = README.md; sourceTree = "<group>"; };
		B4A7AC7B88CEEE5AB1DEA38D /* Pods_todo.framework */ = {isa = PBXFileReference; explicitFileType = wrapper.framework; includeInIndex = 0; path = Pods_todo.framework; sourceTree = BUILT_PRODUCTS_DIR; };
/* End PBXFileReference section */

/* Begin PBXFrameworksBuildPhase section */
		8936475826C75B7300C7E7B5 /* Frameworks */ = {
			isa = PBXFrameworksBuildPhase;
			buildActionMask = 2147483647;
			files = (
				2BE1CE2E61CCD430BCC37461 /* Pods_todo.framework in Frameworks */,
			);
			runOnlyForDeploymentPostprocessing = 0;
		};
		8936476E26C75B7600C7E7B5 /* Frameworks */ = {
			isa = PBXFrameworksBuildPhase;
			buildActionMask = 2147483647;
			files = (
			);
			runOnlyForDeploymentPostprocessing = 0;
		};
		8936477926C75B7700C7E7B5 /* Frameworks */ = {
			isa = PBXFrameworksBuildPhase;
			buildActionMask = 2147483647;
			files = (
			);
			runOnlyForDeploymentPostprocessing = 0;
		};
/* End PBXFrameworksBuildPhase section */

/* Begin PBXGroup section */
		4C30CACD0B58A01927C96416 /* Frameworks */ = {
			isa = PBXGroup;
			children = (
				B4A7AC7B88CEEE5AB1DEA38D /* Pods_todo.framework */,
			);
			name = Frameworks;
			sourceTree = "<group>";
		};
		8936475226C75B7300C7E7B5 = {
			isa = PBXGroup;
			children = (
				8936479126C760F000C7E7B5 /* README.md */,
				8936475D26C75B7300C7E7B5 /* todo */,
				8936477426C75B7600C7E7B5 /* todoTests */,
				8936477F26C75B7700C7E7B5 /* todoUITests */,
				8936475C26C75B7300C7E7B5 /* Products */,
				9EDF3A975137925E6F6FDF3F /* Pods */,
				4C30CACD0B58A01927C96416 /* Frameworks */,
			);
			sourceTree = "<group>";
		};
		8936475C26C75B7300C7E7B5 /* Products */ = {
			isa = PBXGroup;
			children = (
				8936475B26C75B7300C7E7B5 /* todo.app */,
				8936477126C75B7600C7E7B5 /* todoTests.xctest */,
				8936477C26C75B7700C7E7B5 /* todoUITests.xctest */,
			);
			name = Products;
			sourceTree = "<group>";
		};
		8936475D26C75B7300C7E7B5 /* todo */ = {
			isa = PBXGroup;
			children = (
				8936475E26C75B7300C7E7B5 /* AppDelegate.swift */,
				8936476026C75B7300C7E7B5 /* SceneDelegate.swift */,
				8936476226C75B7300C7E7B5 /* ViewController.swift */,
				8936476426C75B7300C7E7B5 /* Main.storyboard */,
				8936476726C75B7600C7E7B5 /* Assets.xcassets */,
				8936476926C75B7600C7E7B5 /* LaunchScreen.storyboard */,
				8936476C26C75B7600C7E7B5 /* Info.plist */,
			);
			path = todo;
			sourceTree = "<group>";
		};
		8936477426C75B7600C7E7B5 /* todoTests */ = {
			isa = PBXGroup;
			children = (
				8936477526C75B7600C7E7B5 /* todoTests.swift */,
				8936477726C75B7600C7E7B5 /* Info.plist */,
			);
			path = todoTests;
			sourceTree = "<group>";
		};
		8936477F26C75B7700C7E7B5 /* todoUITests */ = {
			isa = PBXGroup;
			children = (
				8936478026C75B7700C7E7B5 /* todoUITests.swift */,
				8936478226C75B7700C7E7B5 /* Info.plist */,
			);
			path = todoUITests;
			sourceTree = "<group>";
		};
		9EDF3A975137925E6F6FDF3F /* Pods */ = {
			isa = PBXGroup;
			children = (
				4D0AC8536FE98E6378F2B459 /* Pods-todo.debug.xcconfig */,
				483E4854D6419DA0FB85B53D /* Pods-todo.release.xcconfig */,
			);
			path = Pods;
			sourceTree = "<group>";
		};
/* End PBXGroup section */

/* Begin PBXNativeTarget section */
		8936475A26C75B7300C7E7B5 /* todo */ = {
			isa = PBXNativeTarget;
			buildConfigurationList = 8936478526C75B7700C7E7B5 /* Build configuration list for PBXNativeTarget "todo" */;
			buildPhases = (
				1122D70BD9F797C36A4D3EDD /* [CP] Check Pods Manifest.lock */,
				8936475726C75B7300C7E7B5 /* Sources */,
				8936475826C75B7300C7E7B5 /* Frameworks */,
				8936475926C75B7300C7E7B5 /* Resources */,
				8936479026C75DC900C7E7B5 /* Run Script - SwiftLint */,
			);
			buildRules = (
			);
			dependencies = (
			);
			name = todo;
			productName = todo;
			productReference = 8936475B26C75B7300C7E7B5 /* todo.app */;
			productType = "com.apple.product-type.application";
		};
		8936477026C75B7600C7E7B5 /* todoTests */ = {
			isa = PBXNativeTarget;
			buildConfigurationList = 8936478826C75B7700C7E7B5 /* Build configuration list for PBXNativeTarget "todoTests" */;
			buildPhases = (
				8936476D26C75B7600C7E7B5 /* Sources */,
				8936476E26C75B7600C7E7B5 /* Frameworks */,
				8936476F26C75B7600C7E7B5 /* Resources */,
			);
			buildRules = (
			);
			dependencies = (
				8936477326C75B7600C7E7B5 /* PBXTargetDependency */,
			);
			name = todoTests;
			productName = todoTests;
			productReference = 8936477126C75B7600C7E7B5 /* todoTests.xctest */;
			productType = "com.apple.product-type.bundle.unit-test";
		};
		8936477B26C75B7700C7E7B5 /* todoUITests */ = {
			isa = PBXNativeTarget;
			buildConfigurationList = 8936478B26C75B7700C7E7B5 /* Build configuration list for PBXNativeTarget "todoUITests" */;
			buildPhases = (
				8936477826C75B7700C7E7B5 /* Sources */,
				8936477926C75B7700C7E7B5 /* Frameworks */,
				8936477A26C75B7700C7E7B5 /* Resources */,
			);
			buildRules = (
			);
			dependencies = (
				8936477E26C75B7700C7E7B5 /* PBXTargetDependency */,
			);
			name = todoUITests;
			productName = todoUITests;
			productReference = 8936477C26C75B7700C7E7B5 /* todoUITests.xctest */;
			productType = "com.apple.product-type.bundle.ui-testing";
		};
/* End PBXNativeTarget section */

/* Begin PBXProject section */
		8936475326C75B7300C7E7B5 /* Project object */ = {
			isa = PBXProject;
			attributes = {
				LastSwiftUpdateCheck = 1250;
				LastUpgradeCheck = 1250;
				TargetAttributes = {
					8936475A26C75B7300C7E7B5 = {
						CreatedOnToolsVersion = 12.5.1;
					};
					8936477026C75B7600C7E7B5 = {
						CreatedOnToolsVersion = 12.5.1;
						TestTargetID = 8936475A26C75B7300C7E7B5;
					};
					8936477B26C75B7700C7E7B5 = {
						CreatedOnToolsVersion = 12.5.1;
						TestTargetID = 8936475A26C75B7300C7E7B5;
					};
				};
			};
			buildConfigurationList = 8936475626C75B7300C7E7B5 /* Build configuration list for PBXProject "todo" */;
			compatibilityVersion = "Xcode 9.3";
			developmentRegion = en;
			hasScannedForEncodings = 0;
			knownRegions = (
				en,
				Base,
			);
			mainGroup = 8936475226C75B7300C7E7B5;
			productRefGroup = 8936475C26C75B7300C7E7B5 /* Products */;
			projectDirPath = "";
			projectRoot = "";
			targets = (
				8936475A26C75B7300C7E7B5 /* todo */,
				8936477026C75B7600C7E7B5 /* todoTests */,
				8936477B26C75B7700C7E7B5 /* todoUITests */,
			);
		};
/* End PBXProject section */

/* Begin PBXResourcesBuildPhase section */
		8936475926C75B7300C7E7B5 /* Resources */ = {
			isa = PBXResourcesBuildPhase;
			buildActionMask = 2147483647;
			files = (
				8936476B26C75B7600C7E7B5 /* LaunchScreen.storyboard in Resources */,
				8936476826C75B7600C7E7B5 /* Assets.xcassets in Resources */,
				8936479226C760F000C7E7B5 /* README.md in Resources */,
				8936476626C75B7300C7E7B5 /* Main.storyboard in Resources */,
			);
			runOnlyForDeploymentPostprocessing = 0;
		};
		8936476F26C75B7600C7E7B5 /* Resources */ = {
			isa = PBXResourcesBuildPhase;
			buildActionMask = 2147483647;
			files = (
			);
			runOnlyForDeploymentPostprocessing = 0;
		};
		8936477A26C75B7700C7E7B5 /* Resources */ = {
			isa = PBXResourcesBuildPhase;
			buildActionMask = 2147483647;
			files = (
			);
			runOnlyForDeploymentPostprocessing = 0;
		};
/* End PBXResourcesBuildPhase section */

/* Begin PBXShellScriptBuildPhase section */
		1122D70BD9F797C36A4D3EDD /* [CP] Check Pods Manifest.lock */ = {
			isa = PBXShellScriptBuildPhase;
			buildActionMask = 2147483647;
			files = (
			);
			inputFileListPaths = (
			);
			inputPaths = (
				"${PODS_PODFILE_DIR_PATH}/Podfile.lock",
				"${PODS_ROOT}/Manifest.lock",
			);
			name = "[CP] Check Pods Manifest.lock";
			outputFileListPaths = (
			);
			outputPaths = (
				"$(DERIVED_FILE_DIR)/Pods-todo-checkManifestLockResult.txt",
			);
			runOnlyForDeploymentPostprocessing = 0;
			shellPath = /bin/sh;
			shellScript = "diff \"${PODS_PODFILE_DIR_PATH}/Podfile.lock\" \"${PODS_ROOT}/Manifest.lock\" > /dev/null\nif [ $? != 0 ] ; then\n    # print error to STDERR\n    echo \"error: The sandbox is not in sync with the Podfile.lock. Run 'pod install' or update your CocoaPods installation.\" >&2\n    exit 1\nfi\n# This output is used by Xcode 'outputs' to avoid re-running this script phase.\necho \"SUCCESS\" > \"${SCRIPT_OUTPUT_FILE_0}\"\n";
			showEnvVarsInLog = 0;
		};
		8936479026C75DC900C7E7B5 /* Run Script - SwiftLint */ = {
			isa = PBXShellScriptBuildPhase;
			buildActionMask = 2147483647;
			files = (
			);
			inputFileListPaths = (
			);
			inputPaths = (
			);
			name = "Run Script - SwiftLint";
			outputFileListPaths = (
			);
			outputPaths = (
			);
			runOnlyForDeploymentPostprocessing = 0;
			shellPath = /bin/sh;
			shellScript = "\"${PODS_ROOT}/SwiftLint/swiftlint\"\n";
		};
/* End PBXShellScriptBuildPhase section */

/* Begin PBXSourcesBuildPhase section */
		8936475726C75B7300C7E7B5 /* Sources */ = {
			isa = PBXSourcesBuildPhase;
			buildActionMask = 2147483647;
			files = (
				8936476326C75B7300C7E7B5 /* ViewController.swift in Sources */,
				8936475F26C75B7300C7E7B5 /* AppDelegate.swift in Sources */,
				8936476126C75B7300C7E7B5 /* SceneDelegate.swift in Sources */,
			);
			runOnlyForDeploymentPostprocessing = 0;
		};
		8936476D26C75B7600C7E7B5 /* Sources */ = {
			isa = PBXSourcesBuildPhase;
			buildActionMask = 2147483647;
			files = (
				8936477626C75B7600C7E7B5 /* todoTests.swift in Sources */,
			);
			runOnlyForDeploymentPostprocessing = 0;
		};
		8936477826C75B7700C7E7B5 /* Sources */ = {
			isa = PBXSourcesBuildPhase;
			buildActionMask = 2147483647;
			files = (
				8936478126C75B7700C7E7B5 /* todoUITests.swift in Sources */,
			);
			runOnlyForDeploymentPostprocessing = 0;
		};
/* End PBXSourcesBuildPhase section */

/* Begin PBXTargetDependency section */
		8936477326C75B7600C7E7B5 /* PBXTargetDependency */ = {
			isa = PBXTargetDependency;
			target = 8936475A26C75B7300C7E7B5 /* todo */;
			targetProxy = 8936477226C75B7600C7E7B5 /* PBXContainerItemProxy */;
		};
		8936477E26C75B7700C7E7B5 /* PBXTargetDependency */ = {
			isa = PBXTargetDependency;
			target = 8936475A26C75B7300C7E7B5 /* todo */;
			targetProxy = 8936477D26C75B7700C7E7B5 /* PBXContainerItemProxy */;
		};
/* End PBXTargetDependency section */

/* Begin PBXVariantGroup section */
		8936476426C75B7300C7E7B5 /* Main.storyboard */ = {
			isa = PBXVariantGroup;
			children = (
				8936476526C75B7300C7E7B5 /* Base */,
			);
			name = Main.storyboard;
			sourceTree = "<group>";
		};
		8936476926C75B7600C7E7B5 /* LaunchScreen.storyboard */ = {
			isa = PBXVariantGroup;
			children = (
				8936476A26C75B7600C7E7B5 /* Base */,
			);
			name = LaunchScreen.storyboard;
			sourceTree = "<group>";
		};
/* End PBXVariantGroup section */

/* Begin XCBuildConfiguration section */
		8936478326C75B7700C7E7B5 /* Debug */ = {
			isa = XCBuildConfiguration;
			buildSettings = {
				ALWAYS_SEARCH_USER_PATHS = NO;
				CLANG_ANALYZER_NONNULL = YES;
				CLANG_ANALYZER_NUMBER_OBJECT_CONVERSION = YES_AGGRESSIVE;
				CLANG_CXX_LANGUAGE_STANDARD = "gnu++14";
				CLANG_CXX_LIBRARY = "libc++";
				CLANG_ENABLE_MODULES = YES;
				CLANG_ENABLE_OBJC_ARC = YES;
				CLANG_ENABLE_OBJC_WEAK = YES;
				CLANG_WARN_BLOCK_CAPTURE_AUTORELEASING = YES;
				CLANG_WARN_BOOL_CONVERSION = YES;
				CLANG_WARN_COMMA = YES;
				CLANG_WARN_CONSTANT_CONVERSION = YES;
				CLANG_WARN_DEPRECATED_OBJC_IMPLEMENTATIONS = YES;
				CLANG_WARN_DIRECT_OBJC_ISA_USAGE = YES_ERROR;
				CLANG_WARN_DOCUMENTATION_COMMENTS = YES;
				CLANG_WARN_EMPTY_BODY = YES;
				CLANG_WARN_ENUM_CONVERSION = YES;
				CLANG_WARN_INFINITE_RECURSION = YES;
				CLANG_WARN_INT_CONVERSION = YES;
				CLANG_WARN_NON_LITERAL_NULL_CONVERSION = YES;
				CLANG_WARN_OBJC_IMPLICIT_RETAIN_SELF = YES;
				CLANG_WARN_OBJC_LITERAL_CONVERSION = YES;
				CLANG_WARN_OBJC_ROOT_CLASS = YES_ERROR;
				CLANG_WARN_QUOTED_INCLUDE_IN_FRAMEWORK_HEADER = YES;
				CLANG_WARN_RANGE_LOOP_ANALYSIS = YES;
				CLANG_WARN_STRICT_PROTOTYPES = YES;
				CLANG_WARN_SUSPICIOUS_MOVE = YES;
				CLANG_WARN_UNGUARDED_AVAILABILITY = YES_AGGRESSIVE;
				CLANG_WARN_UNREACHABLE_CODE = YES;
				CLANG_WARN__DUPLICATE_METHOD_MATCH = YES;
				COPY_PHASE_STRIP = NO;
				DEBUG_INFORMATION_FORMAT = dwarf;
				ENABLE_STRICT_OBJC_MSGSEND = YES;
				ENABLE_TESTABILITY = YES;
				GCC_C_LANGUAGE_STANDARD = gnu11;
				GCC_DYNAMIC_NO_PIC = NO;
				GCC_NO_COMMON_BLOCKS = YES;
				GCC_OPTIMIZATION_LEVEL = 0;
				GCC_PREPROCESSOR_DEFINITIONS = (
					"DEBUG=1",
					"$(inherited)",
				);
				GCC_WARN_64_TO_32_BIT_CONVERSION = YES;
				GCC_WARN_ABOUT_RETURN_TYPE = YES_ERROR;
				GCC_WARN_UNDECLARED_SELECTOR = YES;
				GCC_WARN_UNINITIALIZED_AUTOS = YES_AGGRESSIVE;
				GCC_WARN_UNUSED_FUNCTION = YES;
				GCC_WARN_UNUSED_VARIABLE = YES;
				IPHONEOS_DEPLOYMENT_TARGET = 13.0;
				MTL_ENABLE_DEBUG_INFO = INCLUDE_SOURCE;
				MTL_FAST_MATH = YES;
				ONLY_ACTIVE_ARCH = YES;
				SDKROOT = iphoneos;
				SWIFT_ACTIVE_COMPILATION_CONDITIONS = DEBUG;
				SWIFT_OPTIMIZATION_LEVEL = "-Onone";
			};
			name = Debug;
		};
		8936478426C75B7700C7E7B5 /* Release */ = {
			isa = XCBuildConfiguration;
			buildSettings = {
				ALWAYS_SEARCH_USER_PATHS = NO;
				CLANG_ANALYZER_NONNULL = YES;
				CLANG_ANALYZER_NUMBER_OBJECT_CONVERSION = YES_AGGRESSIVE;
				CLANG_CXX_LANGUAGE_STANDARD = "gnu++14";
				CLANG_CXX_LIBRARY = "libc++";
				CLANG_ENABLE_MODULES = YES;
				CLANG_ENABLE_OBJC_ARC = YES;
				CLANG_ENABLE_OBJC_WEAK = YES;
				CLANG_WARN_BLOCK_CAPTURE_AUTORELEASING = YES;
				CLANG_WARN_BOOL_CONVERSION = YES;
				CLANG_WARN_COMMA = YES;
				CLANG_WARN_CONSTANT_CONVERSION = YES;
				CLANG_WARN_DEPRECATED_OBJC_IMPLEMENTATIONS = YES;
				CLANG_WARN_DIRECT_OBJC_ISA_USAGE = YES_ERROR;
				CLANG_WARN_DOCUMENTATION_COMMENTS = YES;
				CLANG_WARN_EMPTY_BODY = YES;
				CLANG_WARN_ENUM_CONVERSION = YES;
				CLANG_WARN_INFINITE_RECURSION = YES;
				CLANG_WARN_INT_CONVERSION = YES;
				CLANG_WARN_NON_LITERAL_NULL_CONVERSION = YES;
				CLANG_WARN_OBJC_IMPLICIT_RETAIN_SELF = YES;
				CLANG_WARN_OBJC_LITERAL_CONVERSION = YES;
				CLANG_WARN_OBJC_ROOT_CLASS = YES_ERROR;
				CLANG_WARN_QUOTED_INCLUDE_IN_FRAMEWORK_HEADER = YES;
				CLANG_WARN_RANGE_LOOP_ANALYSIS = YES;
				CLANG_WARN_STRICT_PROTOTYPES = YES;
				CLANG_WARN_SUSPICIOUS_MOVE = YES;
				CLANG_WARN_UNGUARDED_AVAILABILITY = YES_AGGRESSIVE;
				CLANG_WARN_UNREACHABLE_CODE = YES;
				CLANG_WARN__DUPLICATE_METHOD_MATCH = YES;
				COPY_PHASE_STRIP = NO;
				DEBUG_INFORMATION_FORMAT = "dwarf-with-dsym";
				ENABLE_NS_ASSERTIONS = NO;
				ENABLE_STRICT_OBJC_MSGSEND = YES;
				GCC_C_LANGUAGE_STANDARD = gnu11;
				GCC_NO_COMMON_BLOCKS = YES;
				GCC_WARN_64_TO_32_BIT_CONVERSION = YES;
				GCC_WARN_ABOUT_RETURN_TYPE = YES_ERROR;
				GCC_WARN_UNDECLARED_SELECTOR = YES;
				GCC_WARN_UNINITIALIZED_AUTOS = YES_AGGRESSIVE;
				GCC_WARN_UNUSED_FUNCTION = YES;
				GCC_WARN_UNUSED_VARIABLE = YES;
				IPHONEOS_DEPLOYMENT_TARGET = 13.0;
				MTL_ENABLE_DEBUG_INFO = NO;
				MTL_FAST_MATH = YES;
				SDKROOT = iphoneos;
				SWIFT_COMPILATION_MODE = wholemodule;
				SWIFT_OPTIMIZATION_LEVEL = "-O";
				VALIDATE_PRODUCT = YES;
			};
			name = Release;
		};
		8936478626C75B7700C7E7B5 /* Debug */ = {
			isa = XCBuildConfiguration;
			baseConfigurationReference = 4D0AC8536FE98E6378F2B459 /* Pods-todo.debug.xcconfig */;
			buildSettings = {
				ASSETCATALOG_COMPILER_APPICON_NAME = AppIcon;
				ASSETCATALOG_COMPILER_GLOBAL_ACCENT_COLOR_NAME = AccentColor;
				CODE_SIGN_STYLE = Automatic;
				DEVELOPMENT_TEAM = 9LSP39KS8V;
				INFOPLIST_FILE = todo/Info.plist;
				LD_RUNPATH_SEARCH_PATHS = (
					"$(inherited)",
					"@executable_path/Frameworks",
				);
				PRODUCT_BUNDLE_IDENTIFIER = com.laurie.todo;
				PRODUCT_NAME = "$(TARGET_NAME)";
				SWIFT_VERSION = 5.0;
				TARGETED_DEVICE_FAMILY = 1;
			};
			name = Debug;
		};
		8936478726C75B7700C7E7B5 /* Release */ = {
			isa = XCBuildConfiguration;
			baseConfigurationReference = 483E4854D6419DA0FB85B53D /* Pods-todo.release.xcconfig */;
			buildSettings = {
				ASSETCATALOG_COMPILER_APPICON_NAME = AppIcon;
				ASSETCATALOG_COMPILER_GLOBAL_ACCENT_COLOR_NAME = AccentColor;
				CODE_SIGN_STYLE = Automatic;
				DEVELOPMENT_TEAM = 9LSP39KS8V;
				INFOPLIST_FILE = todo/Info.plist;
				LD_RUNPATH_SEARCH_PATHS = (
					"$(inherited)",
					"@executable_path/Frameworks",
				);
				PRODUCT_BUNDLE_IDENTIFIER = com.laurie.todo;
				PRODUCT_NAME = "$(TARGET_NAME)";
				SWIFT_VERSION = 5.0;
				TARGETED_DEVICE_FAMILY = 1;
			};
			name = Release;
		};
		8936478926C75B7700C7E7B5 /* Debug */ = {
			isa = XCBuildConfiguration;
			buildSettings = {
				ALWAYS_EMBED_SWIFT_STANDARD_LIBRARIES = YES;
				BUNDLE_LOADER = "$(TEST_HOST)";
				CODE_SIGN_STYLE = Automatic;
				DEVELOPMENT_TEAM = 9LSP39KS8V;
				INFOPLIST_FILE = todoTests/Info.plist;
				IPHONEOS_DEPLOYMENT_TARGET = 14.5;
				LD_RUNPATH_SEARCH_PATHS = (
					"$(inherited)",
					"@executable_path/Frameworks",
					"@loader_path/Frameworks",
				);
				PRODUCT_BUNDLE_IDENTIFIER = com.laurie.todoTests;
				PRODUCT_NAME = "$(TARGET_NAME)";
				SWIFT_VERSION = 5.0;
				TARGETED_DEVICE_FAMILY = "1,2";
				TEST_HOST = "$(BUILT_PRODUCTS_DIR)/todo.app/todo";
			};
			name = Debug;
		};
		8936478A26C75B7700C7E7B5 /* Release */ = {
			isa = XCBuildConfiguration;
			buildSettings = {
				ALWAYS_EMBED_SWIFT_STANDARD_LIBRARIES = YES;
				BUNDLE_LOADER = "$(TEST_HOST)";
				CODE_SIGN_STYLE = Automatic;
				DEVELOPMENT_TEAM = 9LSP39KS8V;
				INFOPLIST_FILE = todoTests/Info.plist;
				IPHONEOS_DEPLOYMENT_TARGET = 14.5;
				LD_RUNPATH_SEARCH_PATHS = (
					"$(inherited)",
					"@executable_path/Frameworks",
					"@loader_path/Frameworks",
				);
				PRODUCT_BUNDLE_IDENTIFIER = com.laurie.todoTests;
				PRODUCT_NAME = "$(TARGET_NAME)";
				SWIFT_VERSION = 5.0;
				TARGETED_DEVICE_FAMILY = "1,2";
				TEST_HOST = "$(BUILT_PRODUCTS_DIR)/todo.app/todo";
			};
			name = Release;
		};
		8936478C26C75B7700C7E7B5 /* Debug */ = {
			isa = XCBuildConfiguration;
			buildSettings = {
				ALWAYS_EMBED_SWIFT_STANDARD_LIBRARIES = YES;
				CODE_SIGN_STYLE = Automatic;
				DEVELOPMENT_TEAM = 9LSP39KS8V;
				INFOPLIST_FILE = todoUITests/Info.plist;
				LD_RUNPATH_SEARCH_PATHS = (
					"$(inherited)",
					"@executable_path/Frameworks",
					"@loader_path/Frameworks",
				);
				PRODUCT_BUNDLE_IDENTIFIER = com.laurie.todoUITests;
				PRODUCT_NAME = "$(TARGET_NAME)";
				SWIFT_VERSION = 5.0;
				TARGETED_DEVICE_FAMILY = "1,2";
				TEST_TARGET_NAME = todo;
			};
			name = Debug;
		};
		8936478D26C75B7700C7E7B5 /* Release */ = {
			isa = XCBuildConfiguration;
			buildSettings = {
				ALWAYS_EMBED_SWIFT_STANDARD_LIBRARIES = YES;
				CODE_SIGN_STYLE = Automatic;
				DEVELOPMENT_TEAM = 9LSP39KS8V;
				INFOPLIST_FILE = todoUITests/Info.plist;
				LD_RUNPATH_SEARCH_PATHS = (
					"$(inherited)",
					"@executable_path/Frameworks",
					"@loader_path/Frameworks",
				);
				PRODUCT_BUNDLE_IDENTIFIER = com.laurie.todoUITests;
				PRODUCT_NAME = "$(TARGET_NAME)";
				SWIFT_VERSION = 5.0;
				TARGETED_DEVICE_FAMILY = "1,2";
				TEST_TARGET_NAME = todo;
			};
			name = Release;
		};
/* End XCBuildConfiguration section */

/* Begin XCConfigurationList section */
		8936475626C75B7300C7E7B5 /* Build configuration list for PBXProject "todo" */ = {
			isa = XCConfigurationList;
			buildConfigurations = (
				8936478326C75B7700C7E7B5 /* Debug */,
				8936478426C75B7700C7E7B5 /* Release */,
			);
			defaultConfigurationIsVisible = 0;
			defaultConfigurationName = Release;
		};
		8936478526C75B7700C7E7B5 /* Build configuration list for PBXNativeTarget "todo" */ = {
			isa = XCConfigurationList;
			buildConfigurations = (
				8936478626C75B7700C7E7B5 /* Debug */,
				8936478726C75B7700C7E7B5 /* Release */,
			);
			defaultConfigurationIsVisible = 0;
			defaultConfigurationName = Release;
		};
		8936478826C75B7700C7E7B5 /* Build configuration list for PBXNativeTarget "todoTests" */ = {
			isa = XCConfigurationList;
			buildConfigurations = (
				8936478926C75B7700C7E7B5 /* Debug */,
				8936478A26C75B7700C7E7B5 /* Release */,
			);
			defaultConfigurationIsVisible = 0;
			defaultConfigurationName = Release;
		};
		8936478B26C75B7700C7E7B5 /* Build configuration list for PBXNativeTarget "todoUITests" */ = {
			isa = XCConfigurationList;
			buildConfigurations = (
				8936478C26C75B7700C7E7B5 /* Debug */,
				8936478D26C75B7700C7E7B5 /* Release */,
			);
			defaultConfigurationIsVisible = 0;
			defaultConfigurationName = Release;
		};
/* End XCConfigurationList section */
	};
	rootObject = 8936475326C75B7300C7E7B5 /* Project object */;
}
